
Microsoft Visual Studio Solution File, Format Version 12.00
# Visual Studio Version 17
VisualStudioVersion = 17.0.32126.317
MinimumVisualStudioVersion = 10.0.40219.1
Project("{9A19103F-16F7-4668-BE54-9A1E7A4F7556}") = "TelegramContactAPP", "TelegramContactBot\TelegramContactAPP.csproj", "{3272FFAC-B097-4CB7-BE31-F3F48102C40D}"
EndProject
Global
	GlobalSection(SolutionConfigurationPlatforms) = preSolution
		Debug|Any CPU = Debug|Any CPU
		Release|Any CPU = Release|Any CPU
	EndGlobalSection
	GlobalSection(ProjectConfigurationPlatforms) = postSolution
		{3272FFAC-B097-4CB7-BE31-F3F48102C40D}.Debug|Any CPU.ActiveCfg = Debug|Any CPU
		{3272FFAC-B097-4CB7-BE31-F3F48102C40D}.Debug|Any CPU.Build.0 = Debug|Any CPU
		{3272FFAC-B097-4CB7-BE31-F3F48102C40D}.Release|Any CPU.ActiveCfg = Release|Any CPU
		{3272FFAC-B097-4CB7-BE31-F3F48102C40D}.Release|Any CPU.Build.0 = Release|Any CPU
	EndGlobalSection
	GlobalSection(SolutionProperties) = preSolution
		HideSolutionNode = FALSE
	EndGlobalSection
	GlobalSection(ExtensibilityGlobals) = postSolution
		SolutionGuid = {44540865-5CC7-47F0-960B-CB9CA95B4A5B}
	EndGlobalSection
EndGlobal
